// !$*UTF8*$!
{
	archiveVersion = 1;
	classes = {
	};
	objectVersion = 77;
	objects = {

/* Begin PBXBuildFile section */
		6FF0BC0F2D2FD56A00B55E52 /* Then in Frameworks */ = {isa = PBXBuildFile; productRef = 6FF0BC0E2D2FD56A00B55E52 /* Then */; };
		6FF0BC122D2FD57300B55E52 /* SnapKit in Frameworks */ = {isa = PBXBuildFile; productRef = 6FF0BC112D2FD57300B55E52 /* SnapKit */; };
		6FF0BC152D2FD59300B55E52 /* RxBlocking in Frameworks */ = {isa = PBXBuildFile; productRef = 6FF0BC142D2FD59300B55E52 /* RxBlocking */; };
		6FF0BC172D2FD59300B55E52 /* RxCocoa in Frameworks */ = {isa = PBXBuildFile; productRef = 6FF0BC162D2FD59300B55E52 /* RxCocoa */; };
		6FF0BC192D2FD59300B55E52 /* RxRelay in Frameworks */ = {isa = PBXBuildFile; productRef = 6FF0BC182D2FD59300B55E52 /* RxRelay */; };
/* End PBXBuildFile section */

/* Begin PBXFileReference section */
		6FF0BBEC2D2FD47A00B55E52 /* Pomodoro_Uikit.app */ = {isa = PBXFileReference; explicitFileType = wrapper.application; includeInIndex = 0; path = Pomodoro_Uikit.app; sourceTree = BUILT_PRODUCTS_DIR; };
/* End PBXFileReference section */

/* Begin PBXFileSystemSynchronizedBuildFileExceptionSet section */
		6FF0BBFE2D2FD47B00B55E52 /* Exceptions for "Pomodoro_Uikit" folder in "Pomodoro_Uikit" target */ = {
			isa = PBXFileSystemSynchronizedBuildFileExceptionSet;
			membershipExceptions = (
				Resources/Info.plist,
			);
			target = 6FF0BBEB2D2FD47A00B55E52 /* Pomodoro_Uikit */;
		};
/* End PBXFileSystemSynchronizedBuildFileExceptionSet section */

/* Begin PBXFileSystemSynchronizedRootGroup section */
		6FF0BBEE2D2FD47A00B55E52 /* Pomodoro_Uikit */ = {
			isa = PBXFileSystemSynchronizedRootGroup;
			exceptions = (
				6FF0BBFE2D2FD47B00B55E52 /* Exceptions for "Pomodoro_Uikit" folder in "Pomodoro_Uikit" target */,
			);
			path = Pomodoro_Uikit;
			sourceTree = "<group>";
		};
/* End PBXFileSystemSynchronizedRootGroup section */

/* Begin PBXFrameworksBuildPhase section */
		6FF0BBE92D2FD47A00B55E52 /* Frameworks */ = {
			isa = PBXFrameworksBuildPhase;
			buildActionMask = 2147483647;
			files = (
				6FF0BC192D2FD59300B55E52 /* RxRelay in Frameworks */,
				6FF0BC0F2D2FD56A00B55E52 /* Then in Frameworks */,
				6FF0BC152D2FD59300B55E52 /* RxBlocking in Frameworks */,
				6FF0BC172D2FD59300B55E52 /* RxCocoa in Frameworks */,
				6FF0BC122D2FD57300B55E52 /* SnapKit in Frameworks */,
			);
			runOnlyForDeploymentPostprocessing = 0;
		};
/* End PBXFrameworksBuildPhase section */

/* Begin PBXGroup section */
		6FF0BBE32D2FD47A00B55E52 = {
			isa = PBXGroup;
			children = (
				6FF0BBEE2D2FD47A00B55E52 /* Pomodoro_Uikit */,
				6FF0BBED2D2FD47A00B55E52 /* Products */,
			);
			sourceTree = "<group>";
		};
		6FF0BBED2D2FD47A00B55E52 /* Products */ = {
			isa = PBXGroup;
			children = (
				6FF0BBEC2D2FD47A00B55E52 /* Pomodoro_Uikit.app */,
			);
			name = Products;
			sourceTree = "<group>";
		};
/* End PBXGroup section */

/* Begin PBXNativeTarget section */
		6FF0BBEB2D2FD47A00B55E52 /* Pomodoro_Uikit */ = {
			isa = PBXNativeTarget;
			buildConfigurationList = 6FF0BBFF2D2FD47B00B55E52 /* Build configuration list for PBXNativeTarget "Pomodoro_Uikit" */;
			buildPhases = (
				6FF0BBE82D2FD47A00B55E52 /* Sources */,
				6FF0BBE92D2FD47A00B55E52 /* Frameworks */,
				6FF0BBEA2D2FD47A00B55E52 /* Resources */,
			);
			buildRules = (
			);
			dependencies = (
			);
			fileSystemSynchronizedGroups = (
				6FF0BBEE2D2FD47A00B55E52 /* Pomodoro_Uikit */,
			);
			name = Pomodoro_Uikit;
			packageProductDependencies = (
				6FF0BC0E2D2FD56A00B55E52 /* Then */,
				6FF0BC112D2FD57300B55E52 /* SnapKit */,
				6FF0BC142D2FD59300B55E52 /* RxBlocking */,
				6FF0BC162D2FD59300B55E52 /* RxCocoa */,
				6FF0BC182D2FD59300B55E52 /* RxRelay */,
			);
			productName = Pomodoro_Uikit;
			productReference = 6FF0BBEC2D2FD47A00B55E52 /* Pomodoro_Uikit.app */;
			productType = "com.apple.product-type.application";
		};
/* End PBXNativeTarget section */

/* Begin PBXProject section */
		6FF0BBE42D2FD47A00B55E52 /* Project object */ = {
			isa = PBXProject;
			attributes = {
				BuildIndependentTargetsInParallel = 1;
				LastSwiftUpdateCheck = 1620;
				LastUpgradeCheck = 1620;
				TargetAttributes = {
					6FF0BBEB2D2FD47A00B55E52 = {
						CreatedOnToolsVersion = 16.2;
					};
				};
			};
			buildConfigurationList = 6FF0BBE72D2FD47A00B55E52 /* Build configuration list for PBXProject "Pomodoro_Uikit" */;
			developmentRegion = en;
			hasScannedForEncodings = 0;
			knownRegions = (
				en,
				Base,
			);
			mainGroup = 6FF0BBE32D2FD47A00B55E52;
			minimizedProjectReferenceProxies = 1;
			packageReferences = (
				6FF0BC0D2D2FD56A00B55E52 /* XCRemoteSwiftPackageReference "Then" */,
				6FF0BC102D2FD57300B55E52 /* XCRemoteSwiftPackageReference "SnapKit" */,
				6FF0BC132D2FD59300B55E52 /* XCRemoteSwiftPackageReference "RxSwift" */,
			);
			preferredProjectObjectVersion = 77;
			productRefGroup = 6FF0BBED2D2FD47A00B55E52 /* Products */;
			projectDirPath = "";
			projectRoot = "";
			targets = (
				6FF0BBEB2D2FD47A00B55E52 /* Pomodoro_Uikit */,
			);
		};
/* End PBXProject section */

/* Begin PBXResourcesBuildPhase section */
		6FF0BBEA2D2FD47A00B55E52 /* Resources */ = {
			isa = PBXResourcesBuildPhase;
			buildActionMask = 2147483647;
			files = (
			);
			runOnlyForDeploymentPostprocessing = 0;
		};
/* End PBXResourcesBuildPhase section */

/* Begin PBXSourcesBuildPhase section */
		6FF0BBE82D2FD47A00B55E52 /* Sources */ = {
			isa = PBXSourcesBuildPhase;
			buildActionMask = 2147483647;
			files = (
			);
			runOnlyForDeploymentPostprocessing = 0;
		};
/* End PBXSourcesBuildPhase section */

/* Begin XCBuildConfiguration section */
		6FF0BC002D2FD47B00B55E52 /* Debug */ = {
			isa = XCBuildConfiguration;
			buildSettings = {
				ASSETCATALOG_COMPILER_APPICON_NAME = AppIcon;
				ASSETCATALOG_COMPILER_GLOBAL_ACCENT_COLOR_NAME = AccentColor;
				CODE_SIGN_STYLE = Automatic;
				CURRENT_PROJECT_VERSION = 1;
				GENERATE_INFOPLIST_FILE = YES;
				INFOPLIST_FILE = Pomodoro_Uikit/Resources/Info.plist;
				INFOPLIST_KEY_UIApplicationSupportsIndirectInputEvents = YES;
				INFOPLIST_KEY_UILaunchStoryboardName = LaunchScreen;
				INFOPLIST_KEY_UISupportedInterfaceOrientations_iPad = "UIInterfaceOrientationPortrait UIInterfaceOrientationPortraitUpsideDown UIInterfaceOrientationLandscapeLeft UIInterfaceOrientationLandscapeRight";
				INFOPLIST_KEY_UISupportedInterfaceOrientations_iPhone = "UIInterfaceOrientationPortrait UIInterfaceOrientationLandscapeLeft UIInterfaceOrientationLandscapeRight";
				LD_RUNPATH_SEARCH_PATHS = (
					"$(inherited)",
					"@executable_path/Frameworks",
				);
				MARKETING_VERSION = 1.0;
				PRODUCT_BUNDLE_IDENTIFIER = "com.jh.Pomodoro-Uikit";
				PRODUCT_NAME = "$(TARGET_NAME)";
				SWIFT_EMIT_LOC_STRINGS = YES;
				SWIFT_VERSION = 5.0;
				TARGETED_DEVICE_FAMILY = "1,2";
			};
			name = Debug;
		};
		6FF0BC012D2FD47B00B55E52 /* Release */ = {
			isa = XCBuildConfiguration;
			buildSettings = {
				ASSETCATALOG_COMPILER_APPICON_NAME = AppIcon;
				ASSETCATALOG_COMPILER_GLOBAL_ACCENT_COLOR_NAME = AccentColor;
				CODE_SIGN_STYLE = Automatic;
				CURRENT_PROJECT_VERSION = 1;
				GENERATE_INFOPLIST_FILE = YES;
				INFOPLIST_FILE = Pomodoro_Uikit/Resources/Info.plist;
				INFOPLIST_KEY_UIApplicationSupportsIndirectInputEvents = YES;
				INFOPLIST_KEY_UILaunchStoryboardName = LaunchScreen;
				INFOPLIST_KEY_UISupportedInterfaceOrientations_iPad = "UIInterfaceOrientationPortrait UIInterfaceOrientationPortraitUpsideDown UIInterfaceOrientationLandscapeLeft UIInterfaceOrientationLandscapeRight";
				INFOPLIST_KEY_UISupportedInterfaceOrientations_iPhone = "UIInterfaceOrientationPortrait UIInterfaceOrientationLandscapeLeft UIInterfaceOrientationLandscapeRight";
				LD_RUNPATH_SEARCH_PATHS = (
					"$(inherited)",
					"@executable_path/Frameworks",
				);
				MARKETING_VERSION = 1.0;
				PRODUCT_BUNDLE_IDENTIFIER = "com.jh.Pomodoro-Uikit";
				PRODUCT_NAME = "$(TARGET_NAME)";
				SWIFT_EMIT_LOC_STRINGS = YES;
				SWIFT_VERSION = 5.0;
				TARGETED_DEVICE_FAMILY = "1,2";
			};
			name = Release;
		};
		6FF0BC022D2FD47B00B55E52 /* Debug */ = {
			isa = XCBuildConfiguration;
			buildSettings = {
				ALWAYS_SEARCH_USER_PATHS = NO;
				ASSETCATALOG_COMPILER_GENERATE_SWIFT_ASSET_SYMBOL_EXTENSIONS = YES;
				CLANG_ANALYZER_NONNULL = YES;
				CLANG_ANALYZER_NUMBER_OBJECT_CONVERSION = YES_AGGRESSIVE;
				CLANG_CXX_LANGUAGE_STANDARD = "gnu++20";
				CLANG_ENABLE_MODULES = YES;
				CLANG_ENABLE_OBJC_ARC = YES;
				CLANG_ENABLE_OBJC_WEAK = YES;
				CLANG_WARN_BLOCK_CAPTURE_AUTORELEASING = YES;
				CLANG_WARN_BOOL_CONVERSION = YES;
				CLANG_WARN_COMMA = YES;
				CLANG_WARN_CONSTANT_CONVERSION = YES;
				CLANG_WARN_DEPRECATED_OBJC_IMPLEMENTATIONS = YES;
				CLANG_WARN_DIRECT_OBJC_ISA_USAGE = YES_ERROR;
				CLANG_WARN_DOCUMENTATION_COMMENTS = YES;
				CLANG_WARN_EMPTY_BODY = YES;
				CLANG_WARN_ENUM_CONVERSION = YES;
				CLANG_WARN_INFINITE_RECURSION = YES;
				CLANG_WARN_INT_CONVERSION = YES;
				CLANG_WARN_NON_LITERAL_NULL_CONVERSION = YES;
				CLANG_WARN_OBJC_IMPLICIT_RETAIN_SELF = YES;
				CLANG_WARN_OBJC_LITERAL_CONVERSION = YES;
				CLANG_WARN_OBJC_ROOT_CLASS = YES_ERROR;
				CLANG_WARN_QUOTED_INCLUDE_IN_FRAMEWORK_HEADER = YES;
				CLANG_WARN_RANGE_LOOP_ANALYSIS = YES;
				CLANG_WARN_STRICT_PROTOTYPES = YES;
				CLANG_WARN_SUSPICIOUS_MOVE = YES;
				CLANG_WARN_UNGUARDED_AVAILABILITY = YES_AGGRESSIVE;
				CLANG_WARN_UNREACHABLE_CODE = YES;
				CLANG_WARN__DUPLICATE_METHOD_MATCH = YES;
				COPY_PHASE_STRIP = NO;
				DEBUG_INFORMATION_FORMAT = dwarf;
				ENABLE_STRICT_OBJC_MSGSEND = YES;
				ENABLE_TESTABILITY = YES;
				ENABLE_USER_SCRIPT_SANDBOXING = YES;
				GCC_C_LANGUAGE_STANDARD = gnu17;
				GCC_DYNAMIC_NO_PIC = NO;
				GCC_NO_COMMON_BLOCKS = YES;
				GCC_OPTIMIZATION_LEVEL = 0;
				GCC_PREPROCESSOR_DEFINITIONS = (
					"DEBUG=1",
					"$(inherited)",
				);
				GCC_WARN_64_TO_32_BIT_CONVERSION = YES;
				GCC_WARN_ABOUT_RETURN_TYPE = YES_ERROR;
				GCC_WARN_UNDECLARED_SELECTOR = YES;
				GCC_WARN_UNINITIALIZED_AUTOS = YES_AGGRESSIVE;
				GCC_WARN_UNUSED_FUNCTION = YES;
				GCC_WARN_UNUSED_VARIABLE = YES;
				IPHONEOS_DEPLOYMENT_TARGET = 18.2;
				LOCALIZATION_PREFERS_STRING_CATALOGS = YES;
				MTL_ENABLE_DEBUG_INFO = INCLUDE_SOURCE;
				MTL_FAST_MATH = YES;
				ONLY_ACTIVE_ARCH = YES;
				SDKROOT = iphoneos;
				SWIFT_ACTIVE_COMPILATION_CONDITIONS = "DEBUG $(inherited)";
				SWIFT_OPTIMIZATION_LEVEL = "-Onone";
			};
			name = Debug;
		};
		6FF0BC032D2FD47B00B55E52 /* Release */ = {
			isa = XCBuildConfiguration;
			buildSettings = {
				ALWAYS_SEARCH_USER_PATHS = NO;
				ASSETCATALOG_COMPILER_GENERATE_SWIFT_ASSET_SYMBOL_EXTENSIONS = YES;
				CLANG_ANALYZER_NONNULL = YES;
				CLANG_ANALYZER_NUMBER_OBJECT_CONVERSION = YES_AGGRESSIVE;
				CLANG_CXX_LANGUAGE_STANDARD = "gnu++20";
				CLANG_ENABLE_MODULES = YES;
				CLANG_ENABLE_OBJC_ARC = YES;
				CLANG_ENABLE_OBJC_WEAK = YES;
				CLANG_WARN_BLOCK_CAPTURE_AUTORELEASING = YES;
				CLANG_WARN_BOOL_CONVERSION = YES;
				CLANG_WARN_COMMA = YES;
				CLANG_WARN_CONSTANT_CONVERSION = YES;
				CLANG_WARN_DEPRECATED_OBJC_IMPLEMENTATIONS = YES;
				CLANG_WARN_DIRECT_OBJC_ISA_USAGE = YES_ERROR;
				CLANG_WARN_DOCUMENTATION_COMMENTS = YES;
				CLANG_WARN_EMPTY_BODY = YES;
				CLANG_WARN_ENUM_CONVERSION = YES;
				CLANG_WARN_INFINITE_RECURSION = YES;
				CLANG_WARN_INT_CONVERSION = YES;
				CLANG_WARN_NON_LITERAL_NULL_CONVERSION = YES;
				CLANG_WARN_OBJC_IMPLICIT_RETAIN_SELF = YES;
				CLANG_WARN_OBJC_LITERAL_CONVERSION = YES;
				CLANG_WARN_OBJC_ROOT_CLASS = YES_ERROR;
				CLANG_WARN_QUOTED_INCLUDE_IN_FRAMEWORK_HEADER = YES;
				CLANG_WARN_RANGE_LOOP_ANALYSIS = YES;
				CLANG_WARN_STRICT_PROTOTYPES = YES;
				CLANG_WARN_SUSPICIOUS_MOVE = YES;
				CLANG_WARN_UNGUARDED_AVAILABILITY = YES_AGGRESSIVE;
				CLANG_WARN_UNREACHABLE_CODE = YES;
				CLANG_WARN__DUPLICATE_METHOD_MATCH = YES;
				COPY_PHASE_STRIP = NO;
				DEBUG_INFORMATION_FORMAT = "dwarf-with-dsym";
				ENABLE_NS_ASSERTIONS = NO;
				ENABLE_STRICT_OBJC_MSGSEND = YES;
				ENABLE_USER_SCRIPT_SANDBOXING = YES;
				GCC_C_LANGUAGE_STANDARD = gnu17;
				GCC_NO_COMMON_BLOCKS = YES;
				GCC_WARN_64_TO_32_BIT_CONVERSION = YES;
				GCC_WARN_ABOUT_RETURN_TYPE = YES_ERROR;
				GCC_WARN_UNDECLARED_SELECTOR = YES;
				GCC_WARN_UNINITIALIZED_AUTOS = YES_AGGRESSIVE;
				GCC_WARN_UNUSED_FUNCTION = YES;
				GCC_WARN_UNUSED_VARIABLE = YES;
				IPHONEOS_DEPLOYMENT_TARGET = 18.2;
				LOCALIZATION_PREFERS_STRING_CATALOGS = YES;
				MTL_ENABLE_DEBUG_INFO = NO;
				MTL_FAST_MATH = YES;
				SDKROOT = iphoneos;
				SWIFT_COMPILATION_MODE = wholemodule;
				VALIDATE_PRODUCT = YES;
			};
			name = Release;
		};
/* End XCBuildConfiguration section */

/* Begin XCConfigurationList section */
		6FF0BBE72D2FD47A00B55E52 /* Build configuration list for PBXProject "Pomodoro_Uikit" */ = {
			isa = XCConfigurationList;
			buildConfigurations = (
				6FF0BC022D2FD47B00B55E52 /* Debug */,
				6FF0BC032D2FD47B00B55E52 /* Release */,
			);
			defaultConfigurationIsVisible = 0;
			defaultConfigurationName = Release;
		};
		6FF0BBFF2D2FD47B00B55E52 /* Build configuration list for PBXNativeTarget "Pomodoro_Uikit" */ = {
			isa = XCConfigurationList;
			buildConfigurations = (
				6FF0BC002D2FD47B00B55E52 /* Debug */,
				6FF0BC012D2FD47B00B55E52 /* Release */,
			);
			defaultConfigurationIsVisible = 0;
			defaultConfigurationName = Release;
		};
/* End XCConfigurationList section */

/* Begin XCRemoteSwiftPackageReference section */
		6FF0BC0D2D2FD56A00B55E52 /* XCRemoteSwiftPackageReference "Then" */ = {
			isa = XCRemoteSwiftPackageReference;
			repositoryURL = "https://github.com/devxoul/Then";
			requirement = {
				kind = upToNextMajorVersion;
				minimumVersion = 3.0.0;
			};
		};
		6FF0BC102D2FD57300B55E52 /* XCRemoteSwiftPackageReference "SnapKit" */ = {
			isa = XCRemoteSwiftPackageReference;
			repositoryURL = "https://github.com/SnapKit/SnapKit.git";
			requirement = {
				kind = upToNextMajorVersion;
				minimumVersion = 5.7.1;
			};
		};
		6FF0BC132D2FD59300B55E52 /* XCRemoteSwiftPackageReference "RxSwift" */ = {
			isa = XCRemoteSwiftPackageReference;
			repositoryURL = "https://github.com/ReactiveX/RxSwift.git";
			requirement = {
				kind = upToNextMajorVersion;
				minimumVersion = 6.8.0;
			};
		};
/* End XCRemoteSwiftPackageReference section */

/* Begin XCSwiftPackageProductDependency section */
		6FF0BC0E2D2FD56A00B55E52 /* Then */ = {
			isa = XCSwiftPackageProductDependency;
			package = 6FF0BC0D2D2FD56A00B55E52 /* XCRemoteSwiftPackageReference "Then" */;
			productName = Then;
		};
		6FF0BC112D2FD57300B55E52 /* SnapKit */ = {
			isa = XCSwiftPackageProductDependency;
			package = 6FF0BC102D2FD57300B55E52 /* XCRemoteSwiftPackageReference "SnapKit" */;
			productName = SnapKit;
		};
		6FF0BC142D2FD59300B55E52 /* RxBlocking */ = {
			isa = XCSwiftPackageProductDependency;
			package = 6FF0BC132D2FD59300B55E52 /* XCRemoteSwiftPackageReference "RxSwift" */;
			productName = RxBlocking;
		};
		6FF0BC162D2FD59300B55E52 /* RxCocoa */ = {
			isa = XCSwiftPackageProductDependency;
			package = 6FF0BC132D2FD59300B55E52 /* XCRemoteSwiftPackageReference "RxSwift" */;
			productName = RxCocoa;
		};
		6FF0BC182D2FD59300B55E52 /* RxRelay */ = {
			isa = XCSwiftPackageProductDependency;
			package = 6FF0BC132D2FD59300B55E52 /* XCRemoteSwiftPackageReference "RxSwift" */;
			productName = RxRelay;
		};
/* End XCSwiftPackageProductDependency section */
	};
	rootObject = 6FF0BBE42D2FD47A00B55E52 /* Project object */;
}
